{
    "name": "json-compressor",
    "version": "1.0.0",
    "lockfileVersion": 1,
    "requires": true,
    "dependencies": {
        "@types/node": {
            "version": "11.11.5",
            "resolved": "https://registry.npmjs.org/@types/node/-/node-11.11.5.tgz",
            "integrity": "sha512-pz6wNe/XwyesgfVX7P6B0hY3TnTAYXk6KSTLdpQfbuq3be+hnMoCuFzE+yLTskPdBwmNiGRL2TAsnF09aRugvQ==",
            "dev": true
        },
        "@types/yargs": {
            "version": "12.0.10",
            "resolved": "https://registry.npmjs.org/@types/yargs/-/yargs-12.0.10.tgz",
            "integrity": "sha512-WsVzTPshvCSbHThUduGGxbmnwcpkgSctHGHTqzWyFg4lYAuV5qXlyFPOsP3OWqCINfmg/8VXP+zJaa4OxEsBQQ=="
        }
    }
}
